# THIS IS AN AUTOGENERATED FILE. DO NOT EDIT THIS FILE DIRECTLY.
# yarn lockfile v1


graphql-bigint@^1.0.0:
  version "1.0.0"
  resolved "https://registry.yarnpkg.com/graphql-bigint/-/graphql-bigint-1.0.0.tgz#b2909be9c9970a9a7697273c27d0ea47a146a19c"
  integrity sha512-eLDf9GinU0ioui1ipXCl7pMFa3Am8pxciS0D0LR68SXfY7EzLk5P58LKyk+7CgLD5f66kiFGa5OIqt6iRLE2cQ==
